<?xml version="1.0" encoding="utf-8"?>
<Project ToolsVersion="4.0" xmlns="http://schemas.microsoft.com/developer/msbuild/2003">
  <ItemGroup>
    <Filter Include="Файлы исходного кода">
      <UniqueIdentifier>{4FC737F1-C7A5-4376-A066-2A32D752A2FF}</UniqueIdentifier>
      <Extensions>cpp;c;cc;cxx;def;odl;idl;hpj;bat;asm;asmx</Extensions>
    </Filter>
    <Filter Include="Заголовочные файлы">
      <UniqueIdentifier>{93995380-89BD-4b04-88EB-625FBE52EBFB}</UniqueIdentifier>
      <Extensions>h;hh;hpp;hxx;hm;inl;inc;xsd</Extensions>
    </Filter>
    <Filter Include="Файлы ресурсов">
      <UniqueIdentifier>{67DA6AB6-F800-4c08-8B7A-83BB121AAD01}</UniqueIdentifier>
      <Extensions>rc;ico;cur;bmp;dlg;rc2;rct;bin;rgs;gif;jpg;jpeg;jpe;resx;tiff;tif;png;wav;mfcribbon-ms</Extensions>
    </Filter>
  </ItemGroup>
  <ItemGroup>
    <Text Include="ReadMe.txt" />
  </ItemGroup>
  <ItemGroup>
    <ClInclude Include="AssemblyConfig.h">
      <Filter>Заголовочные файлы</Filter>
    </ClInclude>
    <ClInclude Include="stdafx.h">
      <Filter>Заголовочные файлы</Filter>
    </ClInclude>
    <ClInclude Include="targetver.h">
      <Filter>Заголовочные файлы</Filter>
    </ClInclude>
    <ClInclude Include="MainFrm.h">
      <Filter>Заголовочные файлы</Filter>
    </ClInclude>
    <ClInclude Include="AssemblyConfigDoc.h">
      <Filter>Заголовочные файлы</Filter>
    </ClInclude>
    <ClInclude Include="AssemblyConfigView.h">
      <Filter>Заголовочные файлы</Filter>
    </ClInclude>
    <ClInclude Include="Resource.h">
      <Filter>Заголовочные файлы</Filter>
    </ClInclude>
    <ClInclude Include="AssemblyTreeView.h">
      <Filter>Заголовочные файлы</Filter>
    </ClInclude>
    <ClInclude Include="CAcCtrl.h">
      <Filter>Заголовочные файлы</Filter>
    </ClInclude>
    <ClInclude Include="Val1Dlg.h">
      <Filter>Заголовочные файлы</Filter>
    </ClInclude>
    <ClInclude Include="Val2Dlg.h">
      <Filter>Заголовочные файлы</Filter>
    </ClInclude>
    <ClInclude Include="KolDlg.h">
      <Filter>Заголовочные файлы</Filter>
    </ClInclude>
    <ClInclude Include="Pod1Dlg.h">
      <Filter>Заголовочные файлы</Filter>
    </ClInclude>
    <ClInclude Include="Pod2Dlg.h">
      <Filter>Заголовочные файлы</Filter>
    </ClInclude>
    <ClInclude Include="ShestDlg.h">
      <Filter>Заголовочные файлы</Filter>
    </ClInclude>
  </ItemGroup>
  <ItemGroup>
    <ClCompile Include="AssemblyConfig.cpp">
      <Filter>Файлы исходного кода</Filter>
    </ClCompile>
    <ClCompile Include="stdafx.cpp">
      <Filter>Файлы исходного кода</Filter>
    </ClCompile>
    <ClCompile Include="MainFrm.cpp">
      <Filter>Файлы исходного кода</Filter>
    </ClCompile>
    <ClCompile Include="AssemblyConfigDoc.cpp">
      <Filter>Файлы исходного кода</Filter>
    </ClCompile>
    <ClCompile Include="AssemblyConfigView.cpp">
      <Filter>Файлы исходного кода</Filter>
    </ClCompile>
    <ClCompile Include="AssemblyTreeView.cpp">
      <Filter>Файлы исходного кода</Filter>
    </ClCompile>
    <ClCompile Include="CAcCtrl.cpp">
      <Filter>Файлы исходного кода</Filter>
    </ClCompile>
    <ClCompile Include="Val1Dlg.cpp">
      <Filter>Файлы исходного кода</Filter>
    </ClCompile>
    <ClCompile Include="Val2Dlg.cpp">
      <Filter>Файлы исходного кода</Filter>
    </ClCompile>
    <ClCompile Include="KolDlg.cpp">
      <Filter>Файлы исходного кода</Filter>
    </ClCompile>
    <ClCompile Include="Pod1Dlg.cpp">
      <Filter>Файлы исходного кода</Filter>
    </ClCompile>
    <ClCompile Include="Pod2Dlg.cpp">
      <Filter>Файлы исходного кода</Filter>
    </ClCompile>
    <ClCompile Include="ShestDlg.cpp">
      <Filter>Файлы исходного кода</Filter>
    </ClCompile>
  </ItemGroup>
  <ItemGroup>
    <None Include="AssemblyConfig.reg" />
    <None Include="res\AssemblyConfig.rc2">
      <Filter>Файлы ресурсов</Filter>
    </None>
  </ItemGroup>
  <ItemGroup>
    <ResourceCompile Include="AssemblyConfig.rc">
      <Filter>Файлы ресурсов</Filter>
    </ResourceCompile>
  </ItemGroup>
  <ItemGroup>
    <Image Include="res\AssemblyConfigDoc.ico">
      <Filter>Файлы ресурсов</Filter>
    </Image>
    <Image Include="res\AssemblyConfig.ico">
      <Filter>Файлы ресурсов</Filter>
    </Image>
    <Image Include="res\Toolbar.bmp">
      <Filter>Файлы ресурсов</Filter>
    </Image>
    <Image Include="res\Val2.bmp">
      <Filter>Файлы ресурсов</Filter>
    </Image>
    <Image Include="res\Kol.bmp">
      <Filter>Файлы ресурсов</Filter>
    </Image>
    <Image Include="res\Pod.bmp">
      <Filter>Файлы ресурсов</Filter>
    </Image>
    <Image Include="res\Shest.bmp">
      <Filter>Файлы ресурсов</Filter>
    </Image>
    <Image Include="res\Val1.bmp">
      <Filter>Файлы ресурсов</Filter>
    </Image>
  </ItemGroup>
</Project>